
Microsoft Visual Studio Solution File, Format Version 12.00
# Visual Studio Version 17
VisualStudioVersion = 17.4.33103.184
MinimumVisualStudioVersion = 10.0.40219.1
Project("{FAE04EC0-301F-11D3-BF4B-00C04F79EFBC}") = "G A M E", "G A M E.csproj", "{461DB9B2-77AF-4813-AEAA-212DD9466B16}"
EndProject
Global
	GlobalSection(SolutionConfigurationPlatforms) = preSolution
		Debug|Any CPU = Debug|Any CPU
		Release|Any CPU = Release|Any CPU
	EndGlobalSection
	GlobalSection(ProjectConfigurationPlatforms) = postSolution
		{461DB9B2-77AF-4813-AEAA-212DD9466B16}.Debug|Any CPU.ActiveCfg = Debug|Any CPU
		{461DB9B2-77AF-4813-AEAA-212DD9466B16}.Debug|Any CPU.Build.0 = Debug|Any CPU
		{461DB9B2-77AF-4813-AEAA-212DD9466B16}.Release|Any CPU.ActiveCfg = Release|Any CPU
		{461DB9B2-77AF-4813-AEAA-212DD9466B16}.Release|Any CPU.Build.0 = Release|Any CPU
	EndGlobalSection
	GlobalSection(SolutionProperties) = preSolution
		HideSolutionNode = FALSE
	EndGlobalSection
	GlobalSection(ExtensibilityGlobals) = postSolution
		SolutionGuid = {D4090453-3776-489E-B25A-F58081F1A2B2}
	EndGlobalSection
EndGlobal
